// !$*UTF8*$!
{
	archiveVersion = 1;
	classes = {
	};
	objectVersion = 50;
	objects = {

/* Begin PBXBuildFile section */
		B100EA5D24CD147500B3977D /* SubPanel.swift in Sources */ = {isa = PBXBuildFile; fileRef = B100EA5C24CD147500B3977D /* SubPanel.swift */; };
		B100EA5E24CD147500B3977D /* SubPanel.swift in Sources */ = {isa = PBXBuildFile; fileRef = B100EA5C24CD147500B3977D /* SubPanel.swift */; };
		B100EA6024CD15A400B3977D /* NeumorphicPrimitveButton.swift in Sources */ = {isa = PBXBuildFile; fileRef = B100EA5F24CD15A400B3977D /* NeumorphicPrimitveButton.swift */; };
		B100EA6124CD15A400B3977D /* NeumorphicPrimitveButton.swift in Sources */ = {isa = PBXBuildFile; fileRef = B100EA5F24CD15A400B3977D /* NeumorphicPrimitveButton.swift */; };
		B100EA6324CD164500B3977D /* Neumorphism.swift in Sources */ = {isa = PBXBuildFile; fileRef = B100EA6224CD164500B3977D /* Neumorphism.swift */; };
		B100EA6424CD164500B3977D /* Neumorphism.swift in Sources */ = {isa = PBXBuildFile; fileRef = B100EA6224CD164500B3977D /* Neumorphism.swift */; };
		B100EA6624CD16EB00B3977D /* HapticEngine.swift in Sources */ = {isa = PBXBuildFile; fileRef = B100EA6524CD16EB00B3977D /* HapticEngine.swift */; };
		B100EA6924CD1E5900B3977D /* VolumeObserver.swift in Sources */ = {isa = PBXBuildFile; fileRef = B100EA6824CD1E5900B3977D /* VolumeObserver.swift */; };
		B12F19B424CD040000CF5695 /* BoardView.swift in Sources */ = {isa = PBXBuildFile; fileRef = B12F19B324CD040000CF5695 /* BoardView.swift */; };
		B12F19B524CD040000CF5695 /* BoardView.swift in Sources */ = {isa = PBXBuildFile; fileRef = B12F19B324CD040000CF5695 /* BoardView.swift */; };
		B12F19B724CD056B00CF5695 /* EdgeSet.swift in Sources */ = {isa = PBXBuildFile; fileRef = B12F19B624CD056B00CF5695 /* EdgeSet.swift */; };
		B12F19B824CD056B00CF5695 /* EdgeSet.swift in Sources */ = {isa = PBXBuildFile; fileRef = B12F19B624CD056B00CF5695 /* EdgeSet.swift */; };
		B12F19BA24CD061D00CF5695 /* View.swift in Sources */ = {isa = PBXBuildFile; fileRef = B12F19B924CD061D00CF5695 /* View.swift */; };
		B12F19BB24CD061D00CF5695 /* View.swift in Sources */ = {isa = PBXBuildFile; fileRef = B12F19B924CD061D00CF5695 /* View.swift */; };
		B1473D6E24CCA6D300584F88 /* CellView.swift in Sources */ = {isa = PBXBuildFile; fileRef = B1473D6A24CCA0AA00584F88 /* CellView.swift */; };
		B168C2EB24CC86CD00FFE4A1 /* LinearGradient.swift in Sources */ = {isa = PBXBuildFile; fileRef = B168C2EA24CC86CD00FFE4A1 /* LinearGradient.swift */; };
		B168C2EC24CC86CD00FFE4A1 /* LinearGradient.swift in Sources */ = {isa = PBXBuildFile; fileRef = B168C2EA24CC86CD00FFE4A1 /* LinearGradient.swift */; };
		B168C2F324CC897200FFE4A1 /* iOS_View.swift in Sources */ = {isa = PBXBuildFile; fileRef = B168C2F024CC890800FFE4A1 /* iOS_View.swift */; };
		B168C2F524CC89B900FFE4A1 /* macOS_View.swift in Sources */ = {isa = PBXBuildFile; fileRef = B168C2F124CC891C00FFE4A1 /* macOS_View.swift */; };
		B16F358B24CC938000F045C1 /* MainPanel.swift in Sources */ = {isa = PBXBuildFile; fileRef = B16F358A24CC938000F045C1 /* MainPanel.swift */; };
		B16F358C24CC938000F045C1 /* MainPanel.swift in Sources */ = {isa = PBXBuildFile; fileRef = B16F358A24CC938000F045C1 /* MainPanel.swift */; };
		B16F358F24CC93EC00F045C1 /* NumberView.swift in Sources */ = {isa = PBXBuildFile; fileRef = B16F358E24CC93EC00F045C1 /* NumberView.swift */; };
		B16F359024CC93EC00F045C1 /* NumberView.swift in Sources */ = {isa = PBXBuildFile; fileRef = B16F358E24CC93EC00F045C1 /* NumberView.swift */; };
		B16F359224CC94A900F045C1 /* UserInterface.swift in Sources */ = {isa = PBXBuildFile; fileRef = B16F359124CC94A900F045C1 /* UserInterface.swift */; };
		B16F359324CC94A900F045C1 /* UserInterface.swift in Sources */ = {isa = PBXBuildFile; fileRef = B16F359124CC94A900F045C1 /* UserInterface.swift */; };
		B16F359524CC98E100F045C1 /* NotesView.swift in Sources */ = {isa = PBXBuildFile; fileRef = B16F359424CC98E100F045C1 /* NotesView.swift */; };
		B16F359624CC98E100F045C1 /* NotesView.swift in Sources */ = {isa = PBXBuildFile; fileRef = B16F359424CC98E100F045C1 /* NotesView.swift */; };
		B16F359B24CC9D0300F045C1 /* Set.swift in Sources */ = {isa = PBXBuildFile; fileRef = B16F359A24CC9D0300F045C1 /* Set.swift */; };
		B16F359C24CC9D0300F045C1 /* Set.swift in Sources */ = {isa = PBXBuildFile; fileRef = B16F359A24CC9D0300F045C1 /* Set.swift */; };
		B1A77A6E24CCE82200E5BC97 /* CellView.swift in Sources */ = {isa = PBXBuildFile; fileRef = B1473D6A24CCA0AA00584F88 /* CellView.swift */; };
		B1A77A7124CCEB8300E5BC97 /* CellView_macOS.swift in Sources */ = {isa = PBXBuildFile; fileRef = B1A77A6F24CCEAD100E5BC97 /* CellView_macOS.swift */; };
		B1A77A7324CCEB9E00E5BC97 /* CellView_iOS.swift in Sources */ = {isa = PBXBuildFile; fileRef = B1A77A7224CCEB9E00E5BC97 /* CellView_iOS.swift */; };
		B1A77A7524CCF49600E5BC97 /* CGPoint.swift in Sources */ = {isa = PBXBuildFile; fileRef = B1A77A7424CCF49600E5BC97 /* CGPoint.swift */; };
		B1A77A7624CCF4D900E5BC97 /* CGPoint.swift in Sources */ = {isa = PBXBuildFile; fileRef = B1A77A7424CCF49600E5BC97 /* CGPoint.swift */; };
		B1A77A7B24CCF5D900E5BC97 /* MultiGestureButton.swift in Sources */ = {isa = PBXBuildFile; fileRef = B1A77A7A24CCF5D900E5BC97 /* MultiGestureButton.swift */; };
		B1A77A7C24CCF5D900E5BC97 /* MultiGestureButton.swift in Sources */ = {isa = PBXBuildFile; fileRef = B1A77A7A24CCF5D900E5BC97 /* MultiGestureButton.swift */; };
		B1BCAE0324CC7B5B00BEEB26 /* SudoguApp.swift in Sources */ = {isa = PBXBuildFile; fileRef = B1BCADF024CC7B5A00BEEB26 /* SudoguApp.swift */; };
		B1BCAE0424CC7B5B00BEEB26 /* SudoguApp.swift in Sources */ = {isa = PBXBuildFile; fileRef = B1BCADF024CC7B5A00BEEB26 /* SudoguApp.swift */; };
		B1BCAE0524CC7B5B00BEEB26 /* ContentView.swift in Sources */ = {isa = PBXBuildFile; fileRef = B1BCADF124CC7B5A00BEEB26 /* ContentView.swift */; };
		B1BCAE0624CC7B5B00BEEB26 /* ContentView.swift in Sources */ = {isa = PBXBuildFile; fileRef = B1BCADF124CC7B5A00BEEB26 /* ContentView.swift */; };
		B1BCAE0724CC7B5B00BEEB26 /* Assets.xcassets in Resources */ = {isa = PBXBuildFile; fileRef = B1BCADF224CC7B5B00BEEB26 /* Assets.xcassets */; };
		B1BCAE0824CC7B5B00BEEB26 /* Assets.xcassets in Resources */ = {isa = PBXBuildFile; fileRef = B1BCADF224CC7B5B00BEEB26 /* Assets.xcassets */; };
		B1BCAE1C24CC7BD800BEEB26 /* Dimensions.swift in Sources */ = {isa = PBXBuildFile; fileRef = B1BCAE1324CC7BD800BEEB26 /* Dimensions.swift */; };
		B1BCAE1D24CC7BD800BEEB26 /* Dimensions.swift in Sources */ = {isa = PBXBuildFile; fileRef = B1BCAE1324CC7BD800BEEB26 /* Dimensions.swift */; };
		B1BCAE1E24CC7BD800BEEB26 /* Coordinate.swift in Sources */ = {isa = PBXBuildFile; fileRef = B1BCAE1424CC7BD800BEEB26 /* Coordinate.swift */; };
		B1BCAE1F24CC7BD800BEEB26 /* Coordinate.swift in Sources */ = {isa = PBXBuildFile; fileRef = B1BCAE1424CC7BD800BEEB26 /* Coordinate.swift */; };
		B1BCAE2024CC7BD800BEEB26 /* Value.swift in Sources */ = {isa = PBXBuildFile; fileRef = B1BCAE1524CC7BD800BEEB26 /* Value.swift */; };
		B1BCAE2124CC7BD800BEEB26 /* Value.swift in Sources */ = {isa = PBXBuildFile; fileRef = B1BCAE1524CC7BD800BEEB26 /* Value.swift */; };
		B1BCAE2224CC7BD800BEEB26 /* Cell.swift in Sources */ = {isa = PBXBuildFile; fileRef = B1BCAE1724CC7BD800BEEB26 /* Cell.swift */; };
		B1BCAE2324CC7BD800BEEB26 /* Cell.swift in Sources */ = {isa = PBXBuildFile; fileRef = B1BCAE1724CC7BD800BEEB26 /* Cell.swift */; };
		B1BCAE2624CC7BD800BEEB26 /* Color.swift in Sources */ = {isa = PBXBuildFile; fileRef = B1BCAE1B24CC7BD800BEEB26 /* Color.swift */; };
		B1BCAE2724CC7BD800BEEB26 /* Color.swift in Sources */ = {isa = PBXBuildFile; fileRef = B1BCAE1B24CC7BD800BEEB26 /* Color.swift */; };
		B1BCAE2C24CC7C1100BEEB26 /* softClick.aiff in Resources */ = {isa = PBXBuildFile; fileRef = B1BCAE2A24CC7C1100BEEB26 /* softClick.aiff */; };
		B1BCAE2E24CC7C1100BEEB26 /* hardClick.aiff in Resources */ = {isa = PBXBuildFile; fileRef = B1BCAE2B24CC7C1100BEEB26 /* hardClick.aiff */; };
		B1BCAE3124CC844700BEEB26 /* Frame.swift in Sources */ = {isa = PBXBuildFile; fileRef = B1BCAE3024CC844700BEEB26 /* Frame.swift */; };
		B1BCAE3224CC845000BEEB26 /* Frame.swift in Sources */ = {isa = PBXBuildFile; fileRef = B1BCAE3024CC844700BEEB26 /* Frame.swift */; };
		B1BE918524CF954B0031455B /* MidPanel.swift in Sources */ = {isa = PBXBuildFile; fileRef = B1BE918424CF954B0031455B /* MidPanel.swift */; };
		B1BE918624CF954B0031455B /* MidPanel.swift in Sources */ = {isa = PBXBuildFile; fileRef = B1BE918424CF954B0031455B /* MidPanel.swift */; };
		B1C6B08C24CDE55700377655 /* Sudoku.swift in Sources */ = {isa = PBXBuildFile; fileRef = B1C6B08A24CDE55700377655 /* Sudoku.swift */; };
		B1C6B08D24CDE55700377655 /* Sudoku.swift in Sources */ = {isa = PBXBuildFile; fileRef = B1C6B08A24CDE55700377655 /* Sudoku.swift */; };
		B1CC9FD424CF867A006197F7 /* HapticEngine.swift in Sources */ = {isa = PBXBuildFile; fileRef = B100EA6524CD16EB00B3977D /* HapticEngine.swift */; };
		B1CC9FD524CF867A006197F7 /* VolumeObserver.swift in Sources */ = {isa = PBXBuildFile; fileRef = B100EA6824CD1E5900B3977D /* VolumeObserver.swift */; };
/* End PBXBuildFile section */

/* Begin PBXFileReference section */
		B100EA5C24CD147500B3977D /* SubPanel.swift */ = {isa = PBXFileReference; lastKnownFileType = sourcecode.swift; path = SubPanel.swift; sourceTree = "<group>"; };
		B100EA5F24CD15A400B3977D /* NeumorphicPrimitveButton.swift */ = {isa = PBXFileReference; lastKnownFileType = sourcecode.swift; path = NeumorphicPrimitveButton.swift; sourceTree = "<group>"; };
		B100EA6224CD164500B3977D /* Neumorphism.swift */ = {isa = PBXFileReference; lastKnownFileType = sourcecode.swift; path = Neumorphism.swift; sourceTree = "<group>"; };
		B100EA6524CD16EB00B3977D /* HapticEngine.swift */ = {isa = PBXFileReference; lastKnownFileType = sourcecode.swift; path = HapticEngine.swift; sourceTree = "<group>"; };
		B100EA6824CD1E5900B3977D /* VolumeObserver.swift */ = {isa = PBXFileReference; lastKnownFileType = sourcecode.swift; path = VolumeObserver.swift; sourceTree = "<group>"; };
		B12F19B324CD040000CF5695 /* BoardView.swift */ = {isa = PBXFileReference; lastKnownFileType = sourcecode.swift; path = BoardView.swift; sourceTree = "<group>"; };
		B12F19B624CD056B00CF5695 /* EdgeSet.swift */ = {isa = PBXFileReference; lastKnownFileType = sourcecode.swift; path = EdgeSet.swift; sourceTree = "<group>"; };
		B12F19B924CD061D00CF5695 /* View.swift */ = {isa = PBXFileReference; lastKnownFileType = sourcecode.swift; path = View.swift; sourceTree = "<group>"; };
		B1473D6A24CCA0AA00584F88 /* CellView.swift */ = {isa = PBXFileReference; lastKnownFileType = sourcecode.swift; path = CellView.swift; sourceTree = "<group>"; };
		B168C2EA24CC86CD00FFE4A1 /* LinearGradient.swift */ = {isa = PBXFileReference; lastKnownFileType = sourcecode.swift; path = LinearGradient.swift; sourceTree = "<group>"; };
		B168C2F024CC890800FFE4A1 /* iOS_View.swift */ = {isa = PBXFileReference; lastKnownFileType = sourcecode.swift; path = iOS_View.swift; sourceTree = "<group>"; };
		B168C2F124CC891C00FFE4A1 /* macOS_View.swift */ = {isa = PBXFileReference; lastKnownFileType = sourcecode.swift; path = macOS_View.swift; sourceTree = "<group>"; };
		B16F358A24CC938000F045C1 /* MainPanel.swift */ = {isa = PBXFileReference; lastKnownFileType = sourcecode.swift; path = MainPanel.swift; sourceTree = "<group>"; };
		B16F358E24CC93EC00F045C1 /* NumberView.swift */ = {isa = PBXFileReference; lastKnownFileType = sourcecode.swift; path = NumberView.swift; sourceTree = "<group>"; };
		B16F359124CC94A900F045C1 /* UserInterface.swift */ = {isa = PBXFileReference; lastKnownFileType = sourcecode.swift; path = UserInterface.swift; sourceTree = "<group>"; };
		B16F359424CC98E100F045C1 /* NotesView.swift */ = {isa = PBXFileReference; lastKnownFileType = sourcecode.swift; path = NotesView.swift; sourceTree = "<group>"; };
		B16F359A24CC9D0300F045C1 /* Set.swift */ = {isa = PBXFileReference; lastKnownFileType = sourcecode.swift; path = Set.swift; sourceTree = "<group>"; };
		B1A77A6F24CCEAD100E5BC97 /* CellView_macOS.swift */ = {isa = PBXFileReference; lastKnownFileType = sourcecode.swift; path = CellView_macOS.swift; sourceTree = "<group>"; };
		B1A77A7224CCEB9E00E5BC97 /* CellView_iOS.swift */ = {isa = PBXFileReference; lastKnownFileType = sourcecode.swift; path = CellView_iOS.swift; sourceTree = "<group>"; };
		B1A77A7424CCF49600E5BC97 /* CGPoint.swift */ = {isa = PBXFileReference; lastKnownFileType = sourcecode.swift; path = CGPoint.swift; sourceTree = "<group>"; };
		B1A77A7A24CCF5D900E5BC97 /* MultiGestureButton.swift */ = {isa = PBXFileReference; lastKnownFileType = sourcecode.swift; path = MultiGestureButton.swift; sourceTree = "<group>"; };
		B1BCADF024CC7B5A00BEEB26 /* SudoguApp.swift */ = {isa = PBXFileReference; lastKnownFileType = sourcecode.swift; path = SudoguApp.swift; sourceTree = "<group>"; };
		B1BCADF124CC7B5A00BEEB26 /* ContentView.swift */ = {isa = PBXFileReference; lastKnownFileType = sourcecode.swift; path = ContentView.swift; sourceTree = "<group>"; };
		B1BCADF224CC7B5B00BEEB26 /* Assets.xcassets */ = {isa = PBXFileReference; lastKnownFileType = folder.assetcatalog; path = Assets.xcassets; sourceTree = "<group>"; };
		B1BCADF724CC7B5B00BEEB26 /* Sudogu.app */ = {isa = PBXFileReference; explicitFileType = wrapper.application; includeInIndex = 0; path = Sudogu.app; sourceTree = BUILT_PRODUCTS_DIR; };
		B1BCADFA24CC7B5B00BEEB26 /* Info.plist */ = {isa = PBXFileReference; lastKnownFileType = text.plist.xml; path = Info.plist; sourceTree = "<group>"; };
		B1BCADFF24CC7B5B00BEEB26 /* Sudogu.app */ = {isa = PBXFileReference; explicitFileType = wrapper.application; includeInIndex = 0; path = Sudogu.app; sourceTree = BUILT_PRODUCTS_DIR; };
		B1BCAE0124CC7B5B00BEEB26 /* Info.plist */ = {isa = PBXFileReference; lastKnownFileType = text.plist.xml; path = Info.plist; sourceTree = "<group>"; };
		B1BCAE0224CC7B5B00BEEB26 /* macOS.entitlements */ = {isa = PBXFileReference; lastKnownFileType = text.plist.entitlements; path = macOS.entitlements; sourceTree = "<group>"; };
		B1BCAE1324CC7BD800BEEB26 /* Dimensions.swift */ = {isa = PBXFileReference; fileEncoding = 4; lastKnownFileType = sourcecode.swift; path = Dimensions.swift; sourceTree = "<group>"; };
		B1BCAE1424CC7BD800BEEB26 /* Coordinate.swift */ = {isa = PBXFileReference; fileEncoding = 4; lastKnownFileType = sourcecode.swift; path = Coordinate.swift; sourceTree = "<group>"; };
		B1BCAE1524CC7BD800BEEB26 /* Value.swift */ = {isa = PBXFileReference; fileEncoding = 4; lastKnownFileType = sourcecode.swift; path = Value.swift; sourceTree = "<group>"; };
		B1BCAE1724CC7BD800BEEB26 /* Cell.swift */ = {isa = PBXFileReference; fileEncoding = 4; lastKnownFileType = sourcecode.swift; path = Cell.swift; sourceTree = "<group>"; };
		B1BCAE1B24CC7BD800BEEB26 /* Color.swift */ = {isa = PBXFileReference; fileEncoding = 4; lastKnownFileType = sourcecode.swift; path = Color.swift; sourceTree = "<group>"; };
		B1BCAE2A24CC7C1100BEEB26 /* softClick.aiff */ = {isa = PBXFileReference; lastKnownFileType = audio.aiff; path = softClick.aiff; sourceTree = "<group>"; };
		B1BCAE2B24CC7C1100BEEB26 /* hardClick.aiff */ = {isa = PBXFileReference; lastKnownFileType = audio.aiff; path = hardClick.aiff; sourceTree = "<group>"; };
		B1BCAE3024CC844700BEEB26 /* Frame.swift */ = {isa = PBXFileReference; lastKnownFileType = sourcecode.swift; path = Frame.swift; sourceTree = "<group>"; };
		B1BE918424CF954B0031455B /* MidPanel.swift */ = {isa = PBXFileReference; lastKnownFileType = sourcecode.swift; path = MidPanel.swift; sourceTree = "<group>"; };
		B1C6B08A24CDE55700377655 /* Sudoku.swift */ = {isa = PBXFileReference; lastKnownFileType = sourcecode.swift; path = Sudoku.swift; sourceTree = "<group>"; };
/* End PBXFileReference section */

/* Begin PBXFrameworksBuildPhase section */
		B1BCADF424CC7B5B00BEEB26 /* Frameworks */ = {
			isa = PBXFrameworksBuildPhase;
			buildActionMask = 2147483647;
			files = (
			);
			runOnlyForDeploymentPostprocessing = 0;
		};
		B1BCADFC24CC7B5B00BEEB26 /* Frameworks */ = {
			isa = PBXFrameworksBuildPhase;
			buildActionMask = 2147483647;
			files = (
			);
			runOnlyForDeploymentPostprocessing = 0;
		};
/* End PBXFrameworksBuildPhase section */

/* Begin PBXGroup section */
		B1473D6F24CCA6DD00584F88 /* ContentViews */ = {
			isa = PBXGroup;
			children = (
				B1A77A6F24CCEAD100E5BC97 /* CellView_macOS.swift */,
			);
			path = ContentViews;
			sourceTree = "<group>";
		};
		B168C2ED24CC870A00FFE4A1 /* Content Views */ = {
			isa = PBXGroup;
			children = (
				B16F358A24CC938000F045C1 /* MainPanel.swift */,
				B1BE918424CF954B0031455B /* MidPanel.swift */,
				B100EA5C24CD147500B3977D /* SubPanel.swift */,
				B1A77A7D24CCFAFB00E5BC97 /* Abstract Views */,
				B16F358D24CC93A200F045C1 /* Board Views */,
			);
			path = "Content Views";
			sourceTree = "<group>";
		};
		B168C2EE24CC88A500FFE4A1 /* Assets */ = {
			isa = PBXGroup;
			children = (
				B1BCAE2924CC7C1100BEEB26 /* Sounds */,
			);
			path = Assets;
			sourceTree = "<group>";
		};
		B168C2EF24CC88E200FFE4A1 /* Content Views */ = {
			isa = PBXGroup;
			children = (
				B1A77A7224CCEB9E00E5BC97 /* CellView_iOS.swift */,
			);
			path = "Content Views";
			sourceTree = "<group>";
		};
		B16F358D24CC93A200F045C1 /* Board Views */ = {
			isa = PBXGroup;
			children = (
				B1473D6A24CCA0AA00584F88 /* CellView.swift */,
				B12F19B324CD040000CF5695 /* BoardView.swift */,
				B16F359424CC98E100F045C1 /* NotesView.swift */,
				B16F358E24CC93EC00F045C1 /* NumberView.swift */,
			);
			path = "Board Views";
			sourceTree = "<group>";
		};
		B1A77A7D24CCFAFB00E5BC97 /* Abstract Views */ = {
			isa = PBXGroup;
			children = (
				B1A77A7A24CCF5D900E5BC97 /* MultiGestureButton.swift */,
				B100EA5F24CD15A400B3977D /* NeumorphicPrimitveButton.swift */,
				B100EA6224CD164500B3977D /* Neumorphism.swift */,
			);
			path = "Abstract Views";
			sourceTree = "<group>";
		};
		B1BCADEA24CC7B5A00BEEB26 = {
			isa = PBXGroup;
			children = (
				B1BCADEF24CC7B5A00BEEB26 /* Shared */,
				B1BCADF924CC7B5B00BEEB26 /* iOS */,
				B1BCAE0024CC7B5B00BEEB26 /* macOS */,
				B1BCADF824CC7B5B00BEEB26 /* Products */,
			);
			sourceTree = "<group>";
		};
		B1BCADEF24CC7B5A00BEEB26 /* Shared */ = {
			isa = PBXGroup;
			children = (
				B1BCADF024CC7B5A00BEEB26 /* SudoguApp.swift */,
				B1BCADF124CC7B5A00BEEB26 /* ContentView.swift */,
				B1BCAE1A24CC7BD800BEEB26 /* API Extensions */,
				B168C2ED24CC870A00FFE4A1 /* Content Views */,
				B1BCAE1124CC7BD800BEEB26 /* Models */,
				B1BCAE1924CC7BD800BEEB26 /* Wrappers */,
				B1BCAE2824CC7BDE00BEEB26 /* Assets */,
			);
			path = Shared;
			sourceTree = "<group>";
		};
		B1BCADF824CC7B5B00BEEB26 /* Products */ = {
			isa = PBXGroup;
			children = (
				B1BCADF724CC7B5B00BEEB26 /* Sudogu.app */,
				B1BCADFF24CC7B5B00BEEB26 /* Sudogu.app */,
			);
			name = Products;
			sourceTree = "<group>";
		};
		B1BCADF924CC7B5B00BEEB26 /* iOS */ = {
			isa = PBXGroup;
			children = (
				B168C2F024CC890800FFE4A1 /* iOS_View.swift */,
				B168C2EF24CC88E200FFE4A1 /* Content Views */,
				B168C2EE24CC88A500FFE4A1 /* Assets */,
				B1BCADFA24CC7B5B00BEEB26 /* Info.plist */,
			);
			path = iOS;
			sourceTree = "<group>";
		};
		B1BCAE0024CC7B5B00BEEB26 /* macOS */ = {
			isa = PBXGroup;
			children = (
				B168C2F124CC891C00FFE4A1 /* macOS_View.swift */,
				B1473D6F24CCA6DD00584F88 /* ContentViews */,
				B1BCAE0124CC7B5B00BEEB26 /* Info.plist */,
				B1BCAE0224CC7B5B00BEEB26 /* macOS.entitlements */,
			);
			path = macOS;
			sourceTree = "<group>";
		};
		B1BCAE1124CC7BD800BEEB26 /* Models */ = {
			isa = PBXGroup;
			children = (
				B1BCAE1624CC7BD800BEEB26 /* Sudoku */,
				B16F359124CC94A900F045C1 /* UserInterface.swift */,
			);
			path = Models;
			sourceTree = "<group>";
		};
		B1BCAE1224CC7BD800BEEB26 /* Support */ = {
			isa = PBXGroup;
			children = (
				B1BCAE1324CC7BD800BEEB26 /* Dimensions.swift */,
				B1BCAE1424CC7BD800BEEB26 /* Coordinate.swift */,
				B1BCAE1524CC7BD800BEEB26 /* Value.swift */,
			);
			path = Support;
			sourceTree = "<group>";
		};
		B1BCAE1624CC7BD800BEEB26 /* Sudoku */ = {
			isa = PBXGroup;
			children = (
				B1BCAE1224CC7BD800BEEB26 /* Support */,
				B1BCAE1724CC7BD800BEEB26 /* Cell.swift */,
				B1C6B08A24CDE55700377655 /* Sudoku.swift */,
			);
			path = Sudoku;
			sourceTree = "<group>";
		};
		B1BCAE1924CC7BD800BEEB26 /* Wrappers */ = {
			isa = PBXGroup;
			children = (
				B1BCAE3024CC844700BEEB26 /* Frame.swift */,
				B12F19B624CD056B00CF5695 /* EdgeSet.swift */,
				B100EA6524CD16EB00B3977D /* HapticEngine.swift */,
				B100EA6824CD1E5900B3977D /* VolumeObserver.swift */,
			);
			path = Wrappers;
			sourceTree = "<group>";
		};
		B1BCAE1A24CC7BD800BEEB26 /* API Extensions */ = {
			isa = PBXGroup;
			children = (
				B1A77A7424CCF49600E5BC97 /* CGPoint.swift */,
				B1BCAE1B24CC7BD800BEEB26 /* Color.swift */,
				B168C2EA24CC86CD00FFE4A1 /* LinearGradient.swift */,
				B16F359A24CC9D0300F045C1 /* Set.swift */,
				B12F19B924CD061D00CF5695 /* View.swift */,
			);
			path = "API Extensions";
			sourceTree = "<group>";
		};
		B1BCAE2824CC7BDE00BEEB26 /* Assets */ = {
			isa = PBXGroup;
			children = (
				B1BCADF224CC7B5B00BEEB26 /* Assets.xcassets */,
			);
			path = Assets;
			sourceTree = "<group>";
		};
		B1BCAE2924CC7C1100BEEB26 /* Sounds */ = {
			isa = PBXGroup;
			children = (
				B1BCAE2A24CC7C1100BEEB26 /* softClick.aiff */,
				B1BCAE2B24CC7C1100BEEB26 /* hardClick.aiff */,
			);
			path = Sounds;
			sourceTree = "<group>";
		};
/* End PBXGroup section */

/* Begin PBXNativeTarget section */
		B1BCADF624CC7B5B00BEEB26 /* Sudogu (iOS) */ = {
			isa = PBXNativeTarget;
			buildConfigurationList = B1BCAE0B24CC7B5B00BEEB26 /* Build configuration list for PBXNativeTarget "Sudogu (iOS)" */;
			buildPhases = (
				B1BCADF324CC7B5B00BEEB26 /* Sources */,
				B1BCADF424CC7B5B00BEEB26 /* Frameworks */,
				B1BCADF524CC7B5B00BEEB26 /* Resources */,
			);
			buildRules = (
			);
			dependencies = (
			);
			name = "Sudogu (iOS)";
			productName = "Sudogu (iOS)";
			productReference = B1BCADF724CC7B5B00BEEB26 /* Sudogu.app */;
			productType = "com.apple.product-type.application";
		};
		B1BCADFE24CC7B5B00BEEB26 /* Sudogu (macOS) */ = {
			isa = PBXNativeTarget;
			buildConfigurationList = B1BCAE0E24CC7B5B00BEEB26 /* Build configuration list for PBXNativeTarget "Sudogu (macOS)" */;
			buildPhases = (
				B1BCADFB24CC7B5B00BEEB26 /* Sources */,
				B1BCADFC24CC7B5B00BEEB26 /* Frameworks */,
				B1BCADFD24CC7B5B00BEEB26 /* Resources */,
			);
			buildRules = (
			);
			dependencies = (
			);
			name = "Sudogu (macOS)";
			productName = "Sudogu (macOS)";
			productReference = B1BCADFF24CC7B5B00BEEB26 /* Sudogu.app */;
			productType = "com.apple.product-type.application";
		};
/* End PBXNativeTarget section */

/* Begin PBXProject section */
		B1BCADEB24CC7B5A00BEEB26 /* Project object */ = {
			isa = PBXProject;
			attributes = {
				LastSwiftUpdateCheck = 1200;
				LastUpgradeCheck = 1200;
				TargetAttributes = {
					B1BCADF624CC7B5B00BEEB26 = {
						CreatedOnToolsVersion = 12.0;
					};
					B1BCADFE24CC7B5B00BEEB26 = {
						CreatedOnToolsVersion = 12.0;
					};
				};
			};
			buildConfigurationList = B1BCADEE24CC7B5A00BEEB26 /* Build configuration list for PBXProject "Sudogu" */;
			compatibilityVersion = "Xcode 9.3";
			developmentRegion = en;
			hasScannedForEncodings = 0;
			knownRegions = (
				en,
				Base,
			);
			mainGroup = B1BCADEA24CC7B5A00BEEB26;
			productRefGroup = B1BCADF824CC7B5B00BEEB26 /* Products */;
			projectDirPath = "";
			projectRoot = "";
			targets = (
				B1BCADF624CC7B5B00BEEB26 /* Sudogu (iOS) */,
				B1BCADFE24CC7B5B00BEEB26 /* Sudogu (macOS) */,
			);
		};
/* End PBXProject section */

/* Begin PBXResourcesBuildPhase section */
		B1BCADF524CC7B5B00BEEB26 /* Resources */ = {
			isa = PBXResourcesBuildPhase;
			buildActionMask = 2147483647;
			files = (
				B1BCAE2E24CC7C1100BEEB26 /* hardClick.aiff in Resources */,
				B1BCAE2C24CC7C1100BEEB26 /* softClick.aiff in Resources */,
				B1BCAE0724CC7B5B00BEEB26 /* Assets.xcassets in Resources */,
			);
			runOnlyForDeploymentPostprocessing = 0;
		};
		B1BCADFD24CC7B5B00BEEB26 /* Resources */ = {
			isa = PBXResourcesBuildPhase;
			buildActionMask = 2147483647;
			files = (
				B1BCAE0824CC7B5B00BEEB26 /* Assets.xcassets in Resources */,
			);
			runOnlyForDeploymentPostprocessing = 0;
		};
/* End PBXResourcesBuildPhase section */

/* Begin PBXSourcesBuildPhase section */
		B1BCADF324CC7B5B00BEEB26 /* Sources */ = {
			isa = PBXSourcesBuildPhase;
			buildActionMask = 2147483647;
			files = (
				B12F19B424CD040000CF5695 /* BoardView.swift in Sources */,
				B1A77A7324CCEB9E00E5BC97 /* CellView_iOS.swift in Sources */,
				B16F359B24CC9D0300F045C1 /* Set.swift in Sources */,
				B100EA6324CD164500B3977D /* Neumorphism.swift in Sources */,
				B16F359224CC94A900F045C1 /* UserInterface.swift in Sources */,
				B16F358F24CC93EC00F045C1 /* NumberView.swift in Sources */,
				B16F359524CC98E100F045C1 /* NotesView.swift in Sources */,
				B1BCAE3124CC844700BEEB26 /* Frame.swift in Sources */,
				B1BCAE0524CC7B5B00BEEB26 /* ContentView.swift in Sources */,
				B1BE918524CF954B0031455B /* MidPanel.swift in Sources */,
				B1A77A7524CCF49600E5BC97 /* CGPoint.swift in Sources */,
				B12F19BA24CD061D00CF5695 /* View.swift in Sources */,
				B168C2EB24CC86CD00FFE4A1 /* LinearGradient.swift in Sources */,
				B100EA5D24CD147500B3977D /* SubPanel.swift in Sources */,
				B100EA6624CD16EB00B3977D /* HapticEngine.swift in Sources */,
				B1C6B08C24CDE55700377655 /* Sudoku.swift in Sources */,
				B1A77A6E24CCE82200E5BC97 /* CellView.swift in Sources */,
				B168C2F324CC897200FFE4A1 /* iOS_View.swift in Sources */,
				B1BCAE0324CC7B5B00BEEB26 /* SudoguApp.swift in Sources */,
				B1BCAE2024CC7BD800BEEB26 /* Value.swift in Sources */,
				B1BCAE1C24CC7BD800BEEB26 /* Dimensions.swift in Sources */,
				B100EA6924CD1E5900B3977D /* VolumeObserver.swift in Sources */,
				B100EA6024CD15A400B3977D /* NeumorphicPrimitveButton.swift in Sources */,
				B12F19B724CD056B00CF5695 /* EdgeSet.swift in Sources */,
				B1BCAE1E24CC7BD800BEEB26 /* Coordinate.swift in Sources */,
				B1BCAE2624CC7BD800BEEB26 /* Color.swift in Sources */,
				B1BCAE2224CC7BD800BEEB26 /* Cell.swift in Sources */,
				B1A77A7B24CCF5D900E5BC97 /* MultiGestureButton.swift in Sources */,
				B16F358B24CC938000F045C1 /* MainPanel.swift in Sources */,
			);
			runOnlyForDeploymentPostprocessing = 0;
		};
		B1BCADFB24CC7B5B00BEEB26 /* Sources */ = {
			isa = PBXSourcesBuildPhase;
			buildActionMask = 2147483647;
			files = (
				B12F19B524CD040000CF5695 /* BoardView.swift in Sources */,
				B16F359C24CC9D0300F045C1 /* Set.swift in Sources */,
				B16F359324CC94A900F045C1 /* UserInterface.swift in Sources */,
				B100EA6424CD164500B3977D /* Neumorphism.swift in Sources */,
				B1A77A7124CCEB8300E5BC97 /* CellView_macOS.swift in Sources */,
				B16F359024CC93EC00F045C1 /* NumberView.swift in Sources */,
				B16F359624CC98E100F045C1 /* NotesView.swift in Sources */,
				B1BCAE3224CC845000BEEB26 /* Frame.swift in Sources */,
				B1BCAE0624CC7B5B00BEEB26 /* ContentView.swift in Sources */,
				B1BE918624CF954B0031455B /* MidPanel.swift in Sources */,
				B1A77A7624CCF4D900E5BC97 /* CGPoint.swift in Sources */,
				B12F19BB24CD061D00CF5695 /* View.swift in Sources */,
				B168C2EC24CC86CD00FFE4A1 /* LinearGradient.swift in Sources */,
				B100EA5E24CD147500B3977D /* SubPanel.swift in Sources */,
				B1CC9FD424CF867A006197F7 /* HapticEngine.swift in Sources */,
				B1473D6E24CCA6D300584F88 /* CellView.swift in Sources */,
				B168C2F524CC89B900FFE4A1 /* macOS_View.swift in Sources */,
				B1BCAE0424CC7B5B00BEEB26 /* SudoguApp.swift in Sources */,
				B1BCAE2124CC7BD800BEEB26 /* Value.swift in Sources */,
				B1BCAE1D24CC7BD800BEEB26 /* Dimensions.swift in Sources */,
				B1CC9FD524CF867A006197F7 /* VolumeObserver.swift in Sources */,
				B100EA6124CD15A400B3977D /* NeumorphicPrimitveButton.swift in Sources */,
				B1C6B08D24CDE55700377655 /* Sudoku.swift in Sources */,
				B12F19B824CD056B00CF5695 /* EdgeSet.swift in Sources */,
				B1BCAE1F24CC7BD800BEEB26 /* Coordinate.swift in Sources */,
				B1BCAE2724CC7BD800BEEB26 /* Color.swift in Sources */,
				B1BCAE2324CC7BD800BEEB26 /* Cell.swift in Sources */,
				B1A77A7C24CCF5D900E5BC97 /* MultiGestureButton.swift in Sources */,
				B16F358C24CC938000F045C1 /* MainPanel.swift in Sources */,
			);
			runOnlyForDeploymentPostprocessing = 0;
		};
/* End PBXSourcesBuildPhase section */

/* Begin XCBuildConfiguration section */
		B1BCAE0924CC7B5B00BEEB26 /* Debug */ = {
			isa = XCBuildConfiguration;
			buildSettings = {
				ALWAYS_SEARCH_USER_PATHS = NO;
				CLANG_ANALYZER_NONNULL = YES;
				CLANG_ANALYZER_NUMBER_OBJECT_CONVERSION = YES_AGGRESSIVE;
				CLANG_CXX_LANGUAGE_STANDARD = "gnu++14";
				CLANG_CXX_LIBRARY = "libc++";
				CLANG_ENABLE_MODULES = YES;
				CLANG_ENABLE_OBJC_ARC = YES;
				CLANG_ENABLE_OBJC_WEAK = YES;
				CLANG_WARN_BLOCK_CAPTURE_AUTORELEASING = YES;
				CLANG_WARN_BOOL_CONVERSION = YES;
				CLANG_WARN_COMMA = YES;
				CLANG_WARN_CONSTANT_CONVERSION = YES;
				CLANG_WARN_DEPRECATED_OBJC_IMPLEMENTATIONS = YES;
				CLANG_WARN_DIRECT_OBJC_ISA_USAGE = YES_ERROR;
				CLANG_WARN_DOCUMENTATION_COMMENTS = YES;
				CLANG_WARN_EMPTY_BODY = YES;
				CLANG_WARN_ENUM_CONVERSION = YES;
				CLANG_WARN_INFINITE_RECURSION = YES;
				CLANG_WARN_INT_CONVERSION = YES;
				CLANG_WARN_NON_LITERAL_NULL_CONVERSION = YES;
				CLANG_WARN_OBJC_IMPLICIT_RETAIN_SELF = YES;
				CLANG_WARN_OBJC_LITERAL_CONVERSION = YES;
				CLANG_WARN_OBJC_ROOT_CLASS = YES_ERROR;
				CLANG_WARN_QUOTED_INCLUDE_IN_FRAMEWORK_HEADER = YES;
				CLANG_WARN_RANGE_LOOP_ANALYSIS = YES;
				CLANG_WARN_STRICT_PROTOTYPES = YES;
				CLANG_WARN_SUSPICIOUS_MOVE = YES;
				CLANG_WARN_UNGUARDED_AVAILABILITY = YES_AGGRESSIVE;
				CLANG_WARN_UNREACHABLE_CODE = YES;
				CLANG_WARN__DUPLICATE_METHOD_MATCH = YES;
				COPY_PHASE_STRIP = NO;
				DEBUG_INFORMATION_FORMAT = dwarf;
				ENABLE_STRICT_OBJC_MSGSEND = YES;
				ENABLE_TESTABILITY = YES;
				GCC_C_LANGUAGE_STANDARD = gnu11;
				GCC_DYNAMIC_NO_PIC = NO;
				GCC_NO_COMMON_BLOCKS = YES;
				GCC_OPTIMIZATION_LEVEL = 0;
				GCC_PREPROCESSOR_DEFINITIONS = (
					"DEBUG=1",
					"$(inherited)",
				);
				GCC_WARN_64_TO_32_BIT_CONVERSION = YES;
				GCC_WARN_ABOUT_RETURN_TYPE = YES_ERROR;
				GCC_WARN_UNDECLARED_SELECTOR = YES;
				GCC_WARN_UNINITIALIZED_AUTOS = YES_AGGRESSIVE;
				GCC_WARN_UNUSED_FUNCTION = YES;
				GCC_WARN_UNUSED_VARIABLE = YES;
				MTL_ENABLE_DEBUG_INFO = INCLUDE_SOURCE;
				MTL_FAST_MATH = YES;
				ONLY_ACTIVE_ARCH = YES;
				SWIFT_ACTIVE_COMPILATION_CONDITIONS = DEBUG;
				SWIFT_OPTIMIZATION_LEVEL = "-Onone";
			};
			name = Debug;
		};
		B1BCAE0A24CC7B5B00BEEB26 /* Release */ = {
			isa = XCBuildConfiguration;
			buildSettings = {
				ALWAYS_SEARCH_USER_PATHS = NO;
				CLANG_ANALYZER_NONNULL = YES;
				CLANG_ANALYZER_NUMBER_OBJECT_CONVERSION = YES_AGGRESSIVE;
				CLANG_CXX_LANGUAGE_STANDARD = "gnu++14";
				CLANG_CXX_LIBRARY = "libc++";
				CLANG_ENABLE_MODULES = YES;
				CLANG_ENABLE_OBJC_ARC = YES;
				CLANG_ENABLE_OBJC_WEAK = YES;
				CLANG_WARN_BLOCK_CAPTURE_AUTORELEASING = YES;
				CLANG_WARN_BOOL_CONVERSION = YES;
				CLANG_WARN_COMMA = YES;
				CLANG_WARN_CONSTANT_CONVERSION = YES;
				CLANG_WARN_DEPRECATED_OBJC_IMPLEMENTATIONS = YES;
				CLANG_WARN_DIRECT_OBJC_ISA_USAGE = YES_ERROR;
				CLANG_WARN_DOCUMENTATION_COMMENTS = YES;
				CLANG_WARN_EMPTY_BODY = YES;
				CLANG_WARN_ENUM_CONVERSION = YES;
				CLANG_WARN_INFINITE_RECURSION = YES;
				CLANG_WARN_INT_CONVERSION = YES;
				CLANG_WARN_NON_LITERAL_NULL_CONVERSION = YES;
				CLANG_WARN_OBJC_IMPLICIT_RETAIN_SELF = YES;
				CLANG_WARN_OBJC_LITERAL_CONVERSION = YES;
				CLANG_WARN_OBJC_ROOT_CLASS = YES_ERROR;
				CLANG_WARN_QUOTED_INCLUDE_IN_FRAMEWORK_HEADER = YES;
				CLANG_WARN_RANGE_LOOP_ANALYSIS = YES;
				CLANG_WARN_STRICT_PROTOTYPES = YES;
				CLANG_WARN_SUSPICIOUS_MOVE = YES;
				CLANG_WARN_UNGUARDED_AVAILABILITY = YES_AGGRESSIVE;
				CLANG_WARN_UNREACHABLE_CODE = YES;
				CLANG_WARN__DUPLICATE_METHOD_MATCH = YES;
				COPY_PHASE_STRIP = NO;
				DEBUG_INFORMATION_FORMAT = "dwarf-with-dsym";
				ENABLE_NS_ASSERTIONS = NO;
				ENABLE_STRICT_OBJC_MSGSEND = YES;
				GCC_C_LANGUAGE_STANDARD = gnu11;
				GCC_NO_COMMON_BLOCKS = YES;
				GCC_WARN_64_TO_32_BIT_CONVERSION = YES;
				GCC_WARN_ABOUT_RETURN_TYPE = YES_ERROR;
				GCC_WARN_UNDECLARED_SELECTOR = YES;
				GCC_WARN_UNINITIALIZED_AUTOS = YES_AGGRESSIVE;
				GCC_WARN_UNUSED_FUNCTION = YES;
				GCC_WARN_UNUSED_VARIABLE = YES;
				MTL_ENABLE_DEBUG_INFO = NO;
				MTL_FAST_MATH = YES;
				SWIFT_COMPILATION_MODE = wholemodule;
				SWIFT_OPTIMIZATION_LEVEL = "-O";
			};
			name = Release;
		};
		B1BCAE0C24CC7B5B00BEEB26 /* Debug */ = {
			isa = XCBuildConfiguration;
			buildSettings = {
				ASSETCATALOG_COMPILER_APPICON_NAME = AppIcon;
				ASSETCATALOG_COMPILER_GLOBAL_ACCENT_COLOR_NAME = AccentColor;
				CODE_SIGN_STYLE = Automatic;
				DEVELOPMENT_TEAM = 2E2SSSZ7KT;
				ENABLE_PREVIEWS = YES;
				INFOPLIST_FILE = iOS/Info.plist;
				IPHONEOS_DEPLOYMENT_TARGET = 14.0;
				LD_RUNPATH_SEARCH_PATHS = (
					"$(inherited)",
					"@executable_path/Frameworks",
				);
				PRODUCT_BUNDLE_IDENTIFIER = com.vijayiyer97.Sudogu;
				PRODUCT_NAME = Sudogu;
				SDKROOT = iphoneos;
				SWIFT_VERSION = 5.0;
				TARGETED_DEVICE_FAMILY = "1,2";
			};
			name = Debug;
		};
		B1BCAE0D24CC7B5B00BEEB26 /* Release */ = {
			isa = XCBuildConfiguration;
			buildSettings = {
				ASSETCATALOG_COMPILER_APPICON_NAME = AppIcon;
				ASSETCATALOG_COMPILER_GLOBAL_ACCENT_COLOR_NAME = AccentColor;
				CODE_SIGN_STYLE = Automatic;
				DEVELOPMENT_TEAM = 2E2SSSZ7KT;
				ENABLE_PREVIEWS = YES;
				INFOPLIST_FILE = iOS/Info.plist;
				IPHONEOS_DEPLOYMENT_TARGET = 14.0;
				LD_RUNPATH_SEARCH_PATHS = (
					"$(inherited)",
					"@executable_path/Frameworks",
				);
				PRODUCT_BUNDLE_IDENTIFIER = com.vijayiyer97.Sudogu;
				PRODUCT_NAME = Sudogu;
				SDKROOT = iphoneos;
				SWIFT_VERSION = 5.0;
				TARGETED_DEVICE_FAMILY = "1,2";
				VALIDATE_PRODUCT = YES;
			};
			name = Release;
		};
		B1BCAE0F24CC7B5B00BEEB26 /* Debug */ = {
			isa = XCBuildConfiguration;
			buildSettings = {
				ASSETCATALOG_COMPILER_APPICON_NAME = AppIcon;
				ASSETCATALOG_COMPILER_GLOBAL_ACCENT_COLOR_NAME = AccentColor;
				CODE_SIGN_ENTITLEMENTS = macOS/macOS.entitlements;
				CODE_SIGN_STYLE = Automatic;
				COMBINE_HIDPI_IMAGES = YES;
				DEVELOPMENT_TEAM = 2E2SSSZ7KT;
				ENABLE_HARDENED_RUNTIME = YES;
				ENABLE_PREVIEWS = YES;
				INFOPLIST_FILE = macOS/Info.plist;
				LD_RUNPATH_SEARCH_PATHS = (
					"$(inherited)",
					"@executable_path/../Frameworks",
				);
				MACOSX_DEPLOYMENT_TARGET = 11.0;
				PRODUCT_BUNDLE_IDENTIFIER = com.vijayiyer97.Sudogu;
				PRODUCT_NAME = Sudogu;
				SDKROOT = macosx;
				SWIFT_VERSION = 5.0;
			};
			name = Debug;
		};
		B1BCAE1024CC7B5B00BEEB26 /* Release */ = {
			isa = XCBuildConfiguration;
			buildSettings = {
				ASSETCATALOG_COMPILER_APPICON_NAME = AppIcon;
				ASSETCATALOG_COMPILER_GLOBAL_ACCENT_COLOR_NAME = AccentColor;
				CODE_SIGN_ENTITLEMENTS = macOS/macOS.entitlements;
				CODE_SIGN_STYLE = Automatic;
				COMBINE_HIDPI_IMAGES = YES;
				DEVELOPMENT_TEAM = 2E2SSSZ7KT;
				ENABLE_HARDENED_RUNTIME = YES;
				ENABLE_PREVIEWS = YES;
				INFOPLIST_FILE = macOS/Info.plist;
				LD_RUNPATH_SEARCH_PATHS = (
					"$(inherited)",
					"@executable_path/../Frameworks",
				);
				MACOSX_DEPLOYMENT_TARGET = 11.0;
				PRODUCT_BUNDLE_IDENTIFIER = com.vijayiyer97.Sudogu;
				PRODUCT_NAME = Sudogu;
				SDKROOT = macosx;
				SWIFT_VERSION = 5.0;
			};
			name = Release;
		};
/* End XCBuildConfiguration section */

/* Begin XCConfigurationList section */
		B1BCADEE24CC7B5A00BEEB26 /* Build configuration list for PBXProject "Sudogu" */ = {
			isa = XCConfigurationList;
			buildConfigurations = (
				B1BCAE0924CC7B5B00BEEB26 /* Debug */,
				B1BCAE0A24CC7B5B00BEEB26 /* Release */,
			);
			defaultConfigurationIsVisible = 0;
			defaultConfigurationName = Release;
		};
		B1BCAE0B24CC7B5B00BEEB26 /* Build configuration list for PBXNativeTarget "Sudogu (iOS)" */ = {
			isa = XCConfigurationList;
			buildConfigurations = (
				B1BCAE0C24CC7B5B00BEEB26 /* Debug */,
				B1BCAE0D24CC7B5B00BEEB26 /* Release */,
			);
			defaultConfigurationIsVisible = 0;
			defaultConfigurationName = Release;
		};
		B1BCAE0E24CC7B5B00BEEB26 /* Build configuration list for PBXNativeTarget "Sudogu (macOS)" */ = {
			isa = XCConfigurationList;
			buildConfigurations = (
				B1BCAE0F24CC7B5B00BEEB26 /* Debug */,
				B1BCAE1024CC7B5B00BEEB26 /* Release */,
			);
			defaultConfigurationIsVisible = 0;
			defaultConfigurationName = Release;
		};
/* End XCConfigurationList section */
	};
	rootObject = B1BCADEB24CC7B5A00BEEB26 /* Project object */;
}
